{
  "lockfileVersion": 1,
  "workspaces": {
    "": {
      "name": "@masaajid/prayer-times-web",
      "dependencies": {
        "@masaajid/prayer-times": "^1.0.1",
      },
    },
  },
  "packages": {
    "@masaajid/prayer-times": ["@masaajid/prayer-times@1.0.1", "", {}, "sha512-8lsOfExZY9JC6juWu2lxM6wU8kI8mcCBYzL3WUqnXUswRoE/8nUgXkf4MTJ7UUybz/lz6Xys9UYyqY9wFiYhmQ=="],
  }
}
